// !$*UTF8*$!
{
	archiveVersion = 1;
	classes = {
	};
	objectVersion = 56;
	objects = {

/* Begin PBXBuildFile section */
		FA26245C2B0BCD23008C6228 /* MissionView.swift in Sources */ = {isa = PBXBuildFile; fileRef = FA26245B2B0BCD23008C6228 /* MissionView.swift */; };
		FA26245E2B0BE42C008C6228 /* AstronautView.swift in Sources */ = {isa = PBXBuildFile; fileRef = FA26245D2B0BE42C008C6228 /* AstronautView.swift */; };
		FA2624602B0C049B008C6228 /* CustomDividerView.swift in Sources */ = {isa = PBXBuildFile; fileRef = FA26245F2B0C049B008C6228 /* CustomDividerView.swift */; };
		FA2624622B0C058D008C6228 /* AstronautLabelView.swift in Sources */ = {isa = PBXBuildFile; fileRef = FA2624612B0C058D008C6228 /* AstronautLabelView.swift */; };
		FA2624642B0C0A65008C6228 /* GridLayoutView.swift in Sources */ = {isa = PBXBuildFile; fileRef = FA2624632B0C0A65008C6228 /* GridLayoutView.swift */; };
		FA2624662B0C0D29008C6228 /* ListLayoutView.swift in Sources */ = {isa = PBXBuildFile; fileRef = FA2624652B0C0D29008C6228 /* ListLayoutView.swift */; };
		FA6FEC3A2AFFF791006E848D /* MoonshotApp.swift in Sources */ = {isa = PBXBuildFile; fileRef = FA6FEC392AFFF791006E848D /* MoonshotApp.swift */; };
		FA6FEC3C2AFFF791006E848D /* ContentView.swift in Sources */ = {isa = PBXBuildFile; fileRef = FA6FEC3B2AFFF791006E848D /* ContentView.swift */; };
		FA6FEC3E2AFFF794006E848D /* Assets.xcassets in Resources */ = {isa = PBXBuildFile; fileRef = FA6FEC3D2AFFF794006E848D /* Assets.xcassets */; };
		FA6FEC412AFFF794006E848D /* Preview Assets.xcassets in Resources */ = {isa = PBXBuildFile; fileRef = FA6FEC402AFFF794006E848D /* Preview Assets.xcassets */; };
		FA8FD86B2B01447900B37636 /* astronauts.json in Resources */ = {isa = PBXBuildFile; fileRef = FA8FD8692B01447900B37636 /* astronauts.json */; };
		FA8FD86C2B01447900B37636 /* missions.json in Resources */ = {isa = PBXBuildFile; fileRef = FA8FD86A2B01447900B37636 /* missions.json */; };
		FA8FD86E2B01477500B37636 /* Astronaut.swift in Sources */ = {isa = PBXBuildFile; fileRef = FA8FD86D2B01477500B37636 /* Astronaut.swift */; };
		FA8FD8702B01484100B37636 /* Bundle-Decodable.swift in Sources */ = {isa = PBXBuildFile; fileRef = FA8FD86F2B01484100B37636 /* Bundle-Decodable.swift */; };
		FA8FD8722B01537700B37636 /* Mission.swift in Sources */ = {isa = PBXBuildFile; fileRef = FA8FD8712B01537700B37636 /* Mission.swift */; };
		FA8FD8742B01980B00B37636 /* Color-Theme.swift in Sources */ = {isa = PBXBuildFile; fileRef = FA8FD8732B01980B00B37636 /* Color-Theme.swift */; };
/* End PBXBuildFile section */

/* Begin PBXFileReference section */
		FA26245B2B0BCD23008C6228 /* MissionView.swift */ = {isa = PBXFileReference; lastKnownFileType = sourcecode.swift; path = MissionView.swift; sourceTree = "<group>"; };
		FA26245D2B0BE42C008C6228 /* AstronautView.swift */ = {isa = PBXFileReference; lastKnownFileType = sourcecode.swift; path = AstronautView.swift; sourceTree = "<group>"; };
		FA26245F2B0C049B008C6228 /* CustomDividerView.swift */ = {isa = PBXFileReference; lastKnownFileType = sourcecode.swift; path = CustomDividerView.swift; sourceTree = "<group>"; };
		FA2624612B0C058D008C6228 /* AstronautLabelView.swift */ = {isa = PBXFileReference; lastKnownFileType = sourcecode.swift; path = AstronautLabelView.swift; sourceTree = "<group>"; };
		FA2624632B0C0A65008C6228 /* GridLayoutView.swift */ = {isa = PBXFileReference; lastKnownFileType = sourcecode.swift; path = GridLayoutView.swift; sourceTree = "<group>"; };
		FA2624652B0C0D29008C6228 /* ListLayoutView.swift */ = {isa = PBXFileReference; lastKnownFileType = sourcecode.swift; path = ListLayoutView.swift; sourceTree = "<group>"; };
		FA6FEC362AFFF791006E848D /* Moonshot.app */ = {isa = PBXFileReference; explicitFileType = wrapper.application; includeInIndex = 0; path = Moonshot.app; sourceTree = BUILT_PRODUCTS_DIR; };
		FA6FEC392AFFF791006E848D /* MoonshotApp.swift */ = {isa = PBXFileReference; lastKnownFileType = sourcecode.swift; path = MoonshotApp.swift; sourceTree = "<group>"; };
		FA6FEC3B2AFFF791006E848D /* ContentView.swift */ = {isa = PBXFileReference; lastKnownFileType = sourcecode.swift; path = ContentView.swift; sourceTree = "<group>"; };
		FA6FEC3D2AFFF794006E848D /* Assets.xcassets */ = {isa = PBXFileReference; lastKnownFileType = folder.assetcatalog; path = Assets.xcassets; sourceTree = "<group>"; };
		FA6FEC402AFFF794006E848D /* Preview Assets.xcassets */ = {isa = PBXFileReference; lastKnownFileType = folder.assetcatalog; path = "Preview Assets.xcassets"; sourceTree = "<group>"; };
		FA8FD8692B01447900B37636 /* astronauts.json */ = {isa = PBXFileReference; fileEncoding = 4; lastKnownFileType = text.json; path = astronauts.json; sourceTree = "<group>"; };
		FA8FD86A2B01447900B37636 /* missions.json */ = {isa = PBXFileReference; fileEncoding = 4; lastKnownFileType = text.json; path = missions.json; sourceTree = "<group>"; };
		FA8FD86D2B01477500B37636 /* Astronaut.swift */ = {isa = PBXFileReference; lastKnownFileType = sourcecode.swift; path = Astronaut.swift; sourceTree = "<group>"; };
		FA8FD86F2B01484100B37636 /* Bundle-Decodable.swift */ = {isa = PBXFileReference; lastKnownFileType = sourcecode.swift; path = "Bundle-Decodable.swift"; sourceTree = "<group>"; };
		FA8FD8712B01537700B37636 /* Mission.swift */ = {isa = PBXFileReference; lastKnownFileType = sourcecode.swift; path = Mission.swift; sourceTree = "<group>"; };
		FA8FD8732B01980B00B37636 /* Color-Theme.swift */ = {isa = PBXFileReference; lastKnownFileType = sourcecode.swift; path = "Color-Theme.swift"; sourceTree = "<group>"; };
/* End PBXFileReference section */

/* Begin PBXFrameworksBuildPhase section */
		FA6FEC332AFFF791006E848D /* Frameworks */ = {
			isa = PBXFrameworksBuildPhase;
			buildActionMask = 2147483647;
			files = (
			);
			runOnlyForDeploymentPostprocessing = 0;
		};
/* End PBXFrameworksBuildPhase section */

/* Begin PBXGroup section */
		FA2624672B0C12BD008C6228 /* Application */ = {
			isa = PBXGroup;
			children = (
				FA6FEC392AFFF791006E848D /* MoonshotApp.swift */,
			);
			name = Application;
			sourceTree = "<group>";
		};
		FA2624682B0C1303008C6228 /* Views */ = {
			isa = PBXGroup;
			children = (
				FA6FEC3B2AFFF791006E848D /* ContentView.swift */,
				FA2624632B0C0A65008C6228 /* GridLayoutView.swift */,
				FA2624652B0C0D29008C6228 /* ListLayoutView.swift */,
				FA26245B2B0BCD23008C6228 /* MissionView.swift */,
				FA26245D2B0BE42C008C6228 /* AstronautView.swift */,
				FA2624612B0C058D008C6228 /* AstronautLabelView.swift */,
			);
			path = Views;
			sourceTree = "<group>";
		};
		FA2624692B0C133A008C6228 /* Models */ = {
			isa = PBXGroup;
			children = (
				FA8FD86D2B01477500B37636 /* Astronaut.swift */,
				FA8FD8712B01537700B37636 /* Mission.swift */,
			);
			path = Models;
			sourceTree = "<group>";
		};
		FA26246A2B0C138D008C6228 /* Extensions */ = {
			isa = PBXGroup;
			children = (
				FA8FD86F2B01484100B37636 /* Bundle-Decodable.swift */,
				FA8FD8732B01980B00B37636 /* Color-Theme.swift */,
			);
			path = Extensions;
			sourceTree = "<group>";
		};
		FA26246B2B0C13F3008C6228 /* Components */ = {
			isa = PBXGroup;
			children = (
				FA26245F2B0C049B008C6228 /* CustomDividerView.swift */,
			);
			path = Components;
			sourceTree = "<group>";
		};
		FA26246C2B0C1409008C6228 /* Resources */ = {
			isa = PBXGroup;
			children = (
				FA6FEC3D2AFFF794006E848D /* Assets.xcassets */,
			);
			path = Resources;
			sourceTree = "<group>";
		};
		FA6FEC2D2AFFF791006E848D = {
			isa = PBXGroup;
			children = (
				FA6FEC382AFFF791006E848D /* Moonshot */,
				FA6FEC372AFFF791006E848D /* Products */,
			);
			sourceTree = "<group>";
		};
		FA6FEC372AFFF791006E848D /* Products */ = {
			isa = PBXGroup;
			children = (
				FA6FEC362AFFF791006E848D /* Moonshot.app */,
			);
			name = Products;
			sourceTree = "<group>";
		};
		FA6FEC382AFFF791006E848D /* Moonshot */ = {
			isa = PBXGroup;
			children = (
				FA2624672B0C12BD008C6228 /* Application */,
				FA2624682B0C1303008C6228 /* Views */,
				FA26246A2B0C138D008C6228 /* Extensions */,
				FA26246B2B0C13F3008C6228 /* Components */,
				FA2624692B0C133A008C6228 /* Models */,
				FA8FD8692B01447900B37636 /* astronauts.json */,
				FA8FD86A2B01447900B37636 /* missions.json */,
				FA26246C2B0C1409008C6228 /* Resources */,
				FA6FEC3F2AFFF794006E848D /* Preview Content */,
			);
			path = Moonshot;
			sourceTree = "<group>";
		};
		FA6FEC3F2AFFF794006E848D /* Preview Content */ = {
			isa = PBXGroup;
			children = (
				FA6FEC402AFFF794006E848D /* Preview Assets.xcassets */,
			);
			path = "Preview Content";
			sourceTree = "<group>";
		};
/* End PBXGroup section */

/* Begin PBXNativeTarget section */
		FA6FEC352AFFF791006E848D /* Moonshot */ = {
			isa = PBXNativeTarget;
			buildConfigurationList = FA6FEC442AFFF794006E848D /* Build configuration list for PBXNativeTarget "Moonshot" */;
			buildPhases = (
				FA6FEC322AFFF791006E848D /* Sources */,
				FA6FEC332AFFF791006E848D /* Frameworks */,
				FA6FEC342AFFF791006E848D /* Resources */,
			);
			buildRules = (
			);
			dependencies = (
			);
			name = Moonshot;
			productName = Moonshot;
			productReference = FA6FEC362AFFF791006E848D /* Moonshot.app */;
			productType = "com.apple.product-type.application";
		};
/* End PBXNativeTarget section */

/* Begin PBXProject section */
		FA6FEC2E2AFFF791006E848D /* Project object */ = {
			isa = PBXProject;
			attributes = {
				BuildIndependentTargetsInParallel = 1;
				LastSwiftUpdateCheck = 1500;
				LastUpgradeCheck = 1500;
				TargetAttributes = {
					FA6FEC352AFFF791006E848D = {
						CreatedOnToolsVersion = 15.0.1;
					};
				};
			};
			buildConfigurationList = FA6FEC312AFFF791006E848D /* Build configuration list for PBXProject "Moonshot" */;
			compatibilityVersion = "Xcode 14.0";
			developmentRegion = en;
			hasScannedForEncodings = 0;
			knownRegions = (
				en,
				Base,
			);
			mainGroup = FA6FEC2D2AFFF791006E848D;
			productRefGroup = FA6FEC372AFFF791006E848D /* Products */;
			projectDirPath = "";
			projectRoot = "";
			targets = (
				FA6FEC352AFFF791006E848D /* Moonshot */,
			);
		};
/* End PBXProject section */

/* Begin PBXResourcesBuildPhase section */
		FA6FEC342AFFF791006E848D /* Resources */ = {
			isa = PBXResourcesBuildPhase;
			buildActionMask = 2147483647;
			files = (
				FA8FD86B2B01447900B37636 /* astronauts.json in Resources */,
				FA6FEC412AFFF794006E848D /* Preview Assets.xcassets in Resources */,
				FA8FD86C2B01447900B37636 /* missions.json in Resources */,
				FA6FEC3E2AFFF794006E848D /* Assets.xcassets in Resources */,
			);
			runOnlyForDeploymentPostprocessing = 0;
		};
/* End PBXResourcesBuildPhase section */

/* Begin PBXSourcesBuildPhase section */
		FA6FEC322AFFF791006E848D /* Sources */ = {
			isa = PBXSourcesBuildPhase;
			buildActionMask = 2147483647;
			files = (
				FA2624662B0C0D29008C6228 /* ListLayoutView.swift in Sources */,
				FA26245C2B0BCD23008C6228 /* MissionView.swift in Sources */,
				FA8FD86E2B01477500B37636 /* Astronaut.swift in Sources */,
				FA26245E2B0BE42C008C6228 /* AstronautView.swift in Sources */,
				FA8FD8742B01980B00B37636 /* Color-Theme.swift in Sources */,
				FA6FEC3C2AFFF791006E848D /* ContentView.swift in Sources */,
				FA6FEC3A2AFFF791006E848D /* MoonshotApp.swift in Sources */,
				FA2624602B0C049B008C6228 /* CustomDividerView.swift in Sources */,
				FA2624642B0C0A65008C6228 /* GridLayoutView.swift in Sources */,
				FA8FD8722B01537700B37636 /* Mission.swift in Sources */,
				FA8FD8702B01484100B37636 /* Bundle-Decodable.swift in Sources */,
				FA2624622B0C058D008C6228 /* AstronautLabelView.swift in Sources */,
			);
			runOnlyForDeploymentPostprocessing = 0;
		};
/* End PBXSourcesBuildPhase section */

/* Begin XCBuildConfiguration section */
		FA6FEC422AFFF794006E848D /* Debug */ = {
			isa = XCBuildConfiguration;
			buildSettings = {
				ALWAYS_SEARCH_USER_PATHS = NO;
				ASSETCATALOG_COMPILER_GENERATE_SWIFT_ASSET_SYMBOL_EXTENSIONS = YES;
				CLANG_ANALYZER_NONNULL = YES;
				CLANG_ANALYZER_NUMBER_OBJECT_CONVERSION = YES_AGGRESSIVE;
				CLANG_CXX_LANGUAGE_STANDARD = "gnu++20";
				CLANG_ENABLE_MODULES = YES;
				CLANG_ENABLE_OBJC_ARC = YES;
				CLANG_ENABLE_OBJC_WEAK = YES;
				CLANG_WARN_BLOCK_CAPTURE_AUTORELEASING = YES;
				CLANG_WARN_BOOL_CONVERSION = YES;
				CLANG_WARN_COMMA = YES;
				CLANG_WARN_CONSTANT_CONVERSION = YES;
				CLANG_WARN_DEPRECATED_OBJC_IMPLEMENTATIONS = YES;
				CLANG_WARN_DIRECT_OBJC_ISA_USAGE = YES_ERROR;
				CLANG_WARN_DOCUMENTATION_COMMENTS = YES;
				CLANG_WARN_EMPTY_BODY = YES;
				CLANG_WARN_ENUM_CONVERSION = YES;
				CLANG_WARN_INFINITE_RECURSION = YES;
				CLANG_WARN_INT_CONVERSION = YES;
				CLANG_WARN_NON_LITERAL_NULL_CONVERSION = YES;
				CLANG_WARN_OBJC_IMPLICIT_RETAIN_SELF = YES;
				CLANG_WARN_OBJC_LITERAL_CONVERSION = YES;
				CLANG_WARN_OBJC_ROOT_CLASS = YES_ERROR;
				CLANG_WARN_QUOTED_INCLUDE_IN_FRAMEWORK_HEADER = YES;
				CLANG_WARN_RANGE_LOOP_ANALYSIS = YES;
				CLANG_WARN_STRICT_PROTOTYPES = YES;
				CLANG_WARN_SUSPICIOUS_MOVE = YES;
				CLANG_WARN_UNGUARDED_AVAILABILITY = YES_AGGRESSIVE;
				CLANG_WARN_UNREACHABLE_CODE = YES;
				CLANG_WARN__DUPLICATE_METHOD_MATCH = YES;
				COPY_PHASE_STRIP = NO;
				DEBUG_INFORMATION_FORMAT = dwarf;
				ENABLE_STRICT_OBJC_MSGSEND = YES;
				ENABLE_TESTABILITY = YES;
				ENABLE_USER_SCRIPT_SANDBOXING = YES;
				GCC_C_LANGUAGE_STANDARD = gnu17;
				GCC_DYNAMIC_NO_PIC = NO;
				GCC_NO_COMMON_BLOCKS = YES;
				GCC_OPTIMIZATION_LEVEL = 0;
				GCC_PREPROCESSOR_DEFINITIONS = (
					"DEBUG=1",
					"$(inherited)",
				);
				GCC_WARN_64_TO_32_BIT_CONVERSION = YES;
				GCC_WARN_ABOUT_RETURN_TYPE = YES_ERROR;
				GCC_WARN_UNDECLARED_SELECTOR = YES;
				GCC_WARN_UNINITIALIZED_AUTOS = YES_AGGRESSIVE;
				GCC_WARN_UNUSED_FUNCTION = YES;
				GCC_WARN_UNUSED_VARIABLE = YES;
				IPHONEOS_DEPLOYMENT_TARGET = 17.0;
				LOCALIZATION_PREFERS_STRING_CATALOGS = YES;
				MTL_ENABLE_DEBUG_INFO = INCLUDE_SOURCE;
				MTL_FAST_MATH = YES;
				ONLY_ACTIVE_ARCH = YES;
				SDKROOT = iphoneos;
				SWIFT_ACTIVE_COMPILATION_CONDITIONS = "DEBUG $(inherited)";
				SWIFT_OPTIMIZATION_LEVEL = "-Onone";
			};
			name = Debug;
		};
		FA6FEC432AFFF794006E848D /* Release */ = {
			isa = XCBuildConfiguration;
			buildSettings = {
				ALWAYS_SEARCH_USER_PATHS = NO;
				ASSETCATALOG_COMPILER_GENERATE_SWIFT_ASSET_SYMBOL_EXTENSIONS = YES;
				CLANG_ANALYZER_NONNULL = YES;
				CLANG_ANALYZER_NUMBER_OBJECT_CONVERSION = YES_AGGRESSIVE;
				CLANG_CXX_LANGUAGE_STANDARD = "gnu++20";
				CLANG_ENABLE_MODULES = YES;
				CLANG_ENABLE_OBJC_ARC = YES;
				CLANG_ENABLE_OBJC_WEAK = YES;
				CLANG_WARN_BLOCK_CAPTURE_AUTORELEASING = YES;
				CLANG_WARN_BOOL_CONVERSION = YES;
				CLANG_WARN_COMMA = YES;
				CLANG_WARN_CONSTANT_CONVERSION = YES;
				CLANG_WARN_DEPRECATED_OBJC_IMPLEMENTATIONS = YES;
				CLANG_WARN_DIRECT_OBJC_ISA_USAGE = YES_ERROR;
				CLANG_WARN_DOCUMENTATION_COMMENTS = YES;
				CLANG_WARN_EMPTY_BODY = YES;
				CLANG_WARN_ENUM_CONVERSION = YES;
				CLANG_WARN_INFINITE_RECURSION = YES;
				CLANG_WARN_INT_CONVERSION = YES;
				CLANG_WARN_NON_LITERAL_NULL_CONVERSION = YES;
				CLANG_WARN_OBJC_IMPLICIT_RETAIN_SELF = YES;
				CLANG_WARN_OBJC_LITERAL_CONVERSION = YES;
				CLANG_WARN_OBJC_ROOT_CLASS = YES_ERROR;
				CLANG_WARN_QUOTED_INCLUDE_IN_FRAMEWORK_HEADER = YES;
				CLANG_WARN_RANGE_LOOP_ANALYSIS = YES;
				CLANG_WARN_STRICT_PROTOTYPES = YES;
				CLANG_WARN_SUSPICIOUS_MOVE = YES;
				CLANG_WARN_UNGUARDED_AVAILABILITY = YES_AGGRESSIVE;
				CLANG_WARN_UNREACHABLE_CODE = YES;
				CLANG_WARN__DUPLICATE_METHOD_MATCH = YES;
				COPY_PHASE_STRIP = NO;
				DEBUG_INFORMATION_FORMAT = "dwarf-with-dsym";
				ENABLE_NS_ASSERTIONS = NO;
				ENABLE_STRICT_OBJC_MSGSEND = YES;
				ENABLE_USER_SCRIPT_SANDBOXING = YES;
				GCC_C_LANGUAGE_STANDARD = gnu17;
				GCC_NO_COMMON_BLOCKS = YES;
				GCC_WARN_64_TO_32_BIT_CONVERSION = YES;
				GCC_WARN_ABOUT_RETURN_TYPE = YES_ERROR;
				GCC_WARN_UNDECLARED_SELECTOR = YES;
				GCC_WARN_UNINITIALIZED_AUTOS = YES_AGGRESSIVE;
				GCC_WARN_UNUSED_FUNCTION = YES;
				GCC_WARN_UNUSED_VARIABLE = YES;
				IPHONEOS_DEPLOYMENT_TARGET = 17.0;
				LOCALIZATION_PREFERS_STRING_CATALOGS = YES;
				MTL_ENABLE_DEBUG_INFO = NO;
				MTL_FAST_MATH = YES;
				SDKROOT = iphoneos;
				SWIFT_COMPILATION_MODE = wholemodule;
				VALIDATE_PRODUCT = YES;
			};
			name = Release;
		};
		FA6FEC452AFFF794006E848D /* Debug */ = {
			isa = XCBuildConfiguration;
			buildSettings = {
				ASSETCATALOG_COMPILER_APPICON_NAME = AppIcon;
				ASSETCATALOG_COMPILER_GLOBAL_ACCENT_COLOR_NAME = AccentColor;
				CODE_SIGN_STYLE = Automatic;
				CURRENT_PROJECT_VERSION = 1;
				DEVELOPMENT_ASSET_PATHS = "\"Moonshot/Preview Content\"";
				DEVELOPMENT_TEAM = 5WNGG93AJL;
				ENABLE_PREVIEWS = YES;
				GENERATE_INFOPLIST_FILE = YES;
				INFOPLIST_KEY_UIApplicationSceneManifest_Generation = YES;
				INFOPLIST_KEY_UIApplicationSupportsIndirectInputEvents = YES;
				INFOPLIST_KEY_UILaunchScreen_Generation = YES;
				INFOPLIST_KEY_UISupportedInterfaceOrientations_iPad = "UIInterfaceOrientationPortrait UIInterfaceOrientationPortraitUpsideDown UIInterfaceOrientationLandscapeLeft UIInterfaceOrientationLandscapeRight";
				INFOPLIST_KEY_UISupportedInterfaceOrientations_iPhone = "UIInterfaceOrientationPortrait UIInterfaceOrientationLandscapeLeft UIInterfaceOrientationLandscapeRight";
				LD_RUNPATH_SEARCH_PATHS = (
					"$(inherited)",
					"@executable_path/Frameworks",
				);
				MARKETING_VERSION = 1.0;
				PRODUCT_BUNDLE_IDENTIFIER = "Zhulai-Alex.Moonshot";
				PRODUCT_NAME = "$(TARGET_NAME)";
				SWIFT_EMIT_LOC_STRINGS = YES;
				SWIFT_VERSION = 5.0;
				TARGETED_DEVICE_FAMILY = "1,2";
			};
			name = Debug;
		};
		FA6FEC462AFFF794006E848D /* Release */ = {
			isa = XCBuildConfiguration;
			buildSettings = {
				ASSETCATALOG_COMPILER_APPICON_NAME = AppIcon;
				ASSETCATALOG_COMPILER_GLOBAL_ACCENT_COLOR_NAME = AccentColor;
				CODE_SIGN_STYLE = Automatic;
				CURRENT_PROJECT_VERSION = 1;
				DEVELOPMENT_ASSET_PATHS = "\"Moonshot/Preview Content\"";
				DEVELOPMENT_TEAM = 5WNGG93AJL;
				ENABLE_PREVIEWS = YES;
				GENERATE_INFOPLIST_FILE = YES;
				INFOPLIST_KEY_UIApplicationSceneManifest_Generation = YES;
				INFOPLIST_KEY_UIApplicationSupportsIndirectInputEvents = YES;
				INFOPLIST_KEY_UILaunchScreen_Generation = YES;
				INFOPLIST_KEY_UISupportedInterfaceOrientations_iPad = "UIInterfaceOrientationPortrait UIInterfaceOrientationPortraitUpsideDown UIInterfaceOrientationLandscapeLeft UIInterfaceOrientationLandscapeRight";
				INFOPLIST_KEY_UISupportedInterfaceOrientations_iPhone = "UIInterfaceOrientationPortrait UIInterfaceOrientationLandscapeLeft UIInterfaceOrientationLandscapeRight";
				LD_RUNPATH_SEARCH_PATHS = (
					"$(inherited)",
					"@executable_path/Frameworks",
				);
				MARKETING_VERSION = 1.0;
				PRODUCT_BUNDLE_IDENTIFIER = "Zhulai-Alex.Moonshot";
				PRODUCT_NAME = "$(TARGET_NAME)";
				SWIFT_EMIT_LOC_STRINGS = YES;
				SWIFT_VERSION = 5.0;
				TARGETED_DEVICE_FAMILY = "1,2";
			};
			name = Release;
		};
/* End XCBuildConfiguration section */

/* Begin XCConfigurationList section */
		FA6FEC312AFFF791006E848D /* Build configuration list for PBXProject "Moonshot" */ = {
			isa = XCConfigurationList;
			buildConfigurations = (
				FA6FEC422AFFF794006E848D /* Debug */,
				FA6FEC432AFFF794006E848D /* Release */,
			);
			defaultConfigurationIsVisible = 0;
			defaultConfigurationName = Release;
		};
		FA6FEC442AFFF794006E848D /* Build configuration list for PBXNativeTarget "Moonshot" */ = {
			isa = XCConfigurationList;
			buildConfigurations = (
				FA6FEC452AFFF794006E848D /* Debug */,
				FA6FEC462AFFF794006E848D /* Release */,
			);
			defaultConfigurationIsVisible = 0;
			defaultConfigurationName = Release;
		};
/* End XCConfigurationList section */
	};
	rootObject = FA6FEC2E2AFFF791006E848D /* Project object */;
}
